// !$*UTF8*$!
{
	archiveVersion = 1;
	classes = {
	};
	objectVersion = 55;
	objects = {

/* Begin PBXBuildFile section */
		47A3EF712862D7B70026C400 /* AppDelegate.swift in Sources */ = {isa = PBXBuildFile; fileRef = 47A3EF702862D7B70026C400 /* AppDelegate.swift */; };
		47A3EF732862D7B70026C400 /* SceneDelegate.swift in Sources */ = {isa = PBXBuildFile; fileRef = 47A3EF722862D7B70026C400 /* SceneDelegate.swift */; };
		47A3EF752862D7B70026C400 /* ViewController.swift in Sources */ = {isa = PBXBuildFile; fileRef = 47A3EF742862D7B70026C400 /* ViewController.swift */; };
		47A3EF782862D7B70026C400 /* Main.storyboard in Resources */ = {isa = PBXBuildFile; fileRef = 47A3EF762862D7B70026C400 /* Main.storyboard */; };
		47A3EF7A2862D7BA0026C400 /* Assets.xcassets in Resources */ = {isa = PBXBuildFile; fileRef = 47A3EF792862D7BA0026C400 /* Assets.xcassets */; };
		47A3EF7D2862D7BA0026C400 /* LaunchScreen.storyboard in Resources */ = {isa = PBXBuildFile; fileRef = 47A3EF7B2862D7BA0026C400 /* LaunchScreen.storyboard */; };
		47A3EF862862D8480026C400 /* SnapKit in Frameworks */ = {isa = PBXBuildFile; productRef = 47A3EF852862D8480026C400 /* SnapKit */; };
		47A3EF8B2862D86C0026C400 /* RxCocoa in Frameworks */ = {isa = PBXBuildFile; productRef = 47A3EF8A2862D86C0026C400 /* RxCocoa */; };
		47A3EF8D2862D86C0026C400 /* RxRelay in Frameworks */ = {isa = PBXBuildFile; productRef = 47A3EF8C2862D86C0026C400 /* RxRelay */; };
		47A3EF8F2862D86C0026C400 /* RxSwift in Frameworks */ = {isa = PBXBuildFile; productRef = 47A3EF8E2862D86C0026C400 /* RxSwift */; };
		47AFB9B02862FC4E005501FA /* AblyHomeDTO.swift in Sources */ = {isa = PBXBuildFile; fileRef = 47AFB9AF2862FC4E005501FA /* AblyHomeDTO.swift */; };
		47AFB9B42862FD9A005501FA /* AblyBannerDTO.swift in Sources */ = {isa = PBXBuildFile; fileRef = 47AFB9B32862FD9A005501FA /* AblyBannerDTO.swift */; };
		47AFB9B62862FDC0005501FA /* AblyGoodsDTO.swift in Sources */ = {isa = PBXBuildFile; fileRef = 47AFB9B52862FDC0005501FA /* AblyGoodsDTO.swift */; };
		47AFB9B92862FE53005501FA /* URLRequest+extension.swift in Sources */ = {isa = PBXBuildFile; fileRef = 47AFB9B82862FE53005501FA /* URLRequest+extension.swift */; };
		47AFB9BB2862FF56005501FA /* EndPoint.swift in Sources */ = {isa = PBXBuildFile; fileRef = 47AFB9BA2862FF56005501FA /* EndPoint.swift */; };
		47AFB9BD28634784005501FA /* HTTPNetwork.swift in Sources */ = {isa = PBXBuildFile; fileRef = 47AFB9BC28634784005501FA /* HTTPNetwork.swift */; };
		47AFB9BF28634BBE005501FA /* JSONParser.swift in Sources */ = {isa = PBXBuildFile; fileRef = 47AFB9BE28634BBE005501FA /* JSONParser.swift */; };
		47AFB9C328645123005501FA /* AblyHomeData.swift in Sources */ = {isa = PBXBuildFile; fileRef = 47AFB9C228645123005501FA /* AblyHomeData.swift */; };
		47AFB9C52864519B005501FA /* AblyBanner.swift in Sources */ = {isa = PBXBuildFile; fileRef = 47AFB9C42864519B005501FA /* AblyBanner.swift */; };
		47AFB9C7286451A9005501FA /* AblyGoods.swift in Sources */ = {isa = PBXBuildFile; fileRef = 47AFB9C6286451A9005501FA /* AblyGoods.swift */; };
		47AFB9C928645874005501FA /* HTTPNetworkError.swift in Sources */ = {isa = PBXBuildFile; fileRef = 47AFB9C828645874005501FA /* HTTPNetworkError.swift */; };
		47AFB9CB286480A2005501FA /* AblyHomeDataRepository.swift in Sources */ = {isa = PBXBuildFile; fileRef = 47AFB9CA286480A2005501FA /* AblyHomeDataRepository.swift */; };
/* End PBXBuildFile section */

/* Begin PBXFileReference section */
		47A3EF6D2862D7B70026C400 /* Ably.app */ = {isa = PBXFileReference; explicitFileType = wrapper.application; includeInIndex = 0; path = Ably.app; sourceTree = BUILT_PRODUCTS_DIR; };
		47A3EF702862D7B70026C400 /* AppDelegate.swift */ = {isa = PBXFileReference; lastKnownFileType = sourcecode.swift; path = AppDelegate.swift; sourceTree = "<group>"; };
		47A3EF722862D7B70026C400 /* SceneDelegate.swift */ = {isa = PBXFileReference; lastKnownFileType = sourcecode.swift; path = SceneDelegate.swift; sourceTree = "<group>"; };
		47A3EF742862D7B70026C400 /* ViewController.swift */ = {isa = PBXFileReference; lastKnownFileType = sourcecode.swift; path = ViewController.swift; sourceTree = "<group>"; };
		47A3EF772862D7B70026C400 /* Base */ = {isa = PBXFileReference; lastKnownFileType = file.storyboard; name = Base; path = Base.lproj/Main.storyboard; sourceTree = "<group>"; };
		47A3EF792862D7BA0026C400 /* Assets.xcassets */ = {isa = PBXFileReference; lastKnownFileType = folder.assetcatalog; path = Assets.xcassets; sourceTree = "<group>"; };
		47A3EF7C2862D7BA0026C400 /* Base */ = {isa = PBXFileReference; lastKnownFileType = file.storyboard; name = Base; path = Base.lproj/LaunchScreen.storyboard; sourceTree = "<group>"; };
		47A3EF7E2862D7BA0026C400 /* Info.plist */ = {isa = PBXFileReference; lastKnownFileType = text.plist.xml; path = Info.plist; sourceTree = "<group>"; };
		47AFB9AF2862FC4E005501FA /* AblyHomeDTO.swift */ = {isa = PBXFileReference; lastKnownFileType = sourcecode.swift; path = AblyHomeDTO.swift; sourceTree = "<group>"; };
		47AFB9B32862FD9A005501FA /* AblyBannerDTO.swift */ = {isa = PBXFileReference; lastKnownFileType = sourcecode.swift; path = AblyBannerDTO.swift; sourceTree = "<group>"; };
		47AFB9B52862FDC0005501FA /* AblyGoodsDTO.swift */ = {isa = PBXFileReference; lastKnownFileType = sourcecode.swift; path = AblyGoodsDTO.swift; sourceTree = "<group>"; };
		47AFB9B82862FE53005501FA /* URLRequest+extension.swift */ = {isa = PBXFileReference; lastKnownFileType = sourcecode.swift; path = "URLRequest+extension.swift"; sourceTree = "<group>"; };
		47AFB9BA2862FF56005501FA /* EndPoint.swift */ = {isa = PBXFileReference; lastKnownFileType = sourcecode.swift; path = EndPoint.swift; sourceTree = "<group>"; };
		47AFB9BC28634784005501FA /* HTTPNetwork.swift */ = {isa = PBXFileReference; lastKnownFileType = sourcecode.swift; path = HTTPNetwork.swift; sourceTree = "<group>"; };
		47AFB9BE28634BBE005501FA /* JSONParser.swift */ = {isa = PBXFileReference; lastKnownFileType = sourcecode.swift; path = JSONParser.swift; sourceTree = "<group>"; };
		47AFB9C228645123005501FA /* AblyHomeData.swift */ = {isa = PBXFileReference; lastKnownFileType = sourcecode.swift; path = AblyHomeData.swift; sourceTree = "<group>"; };
		47AFB9C42864519B005501FA /* AblyBanner.swift */ = {isa = PBXFileReference; lastKnownFileType = sourcecode.swift; path = AblyBanner.swift; sourceTree = "<group>"; };
		47AFB9C6286451A9005501FA /* AblyGoods.swift */ = {isa = PBXFileReference; lastKnownFileType = sourcecode.swift; path = AblyGoods.swift; sourceTree = "<group>"; };
		47AFB9C828645874005501FA /* HTTPNetworkError.swift */ = {isa = PBXFileReference; lastKnownFileType = sourcecode.swift; path = HTTPNetworkError.swift; sourceTree = "<group>"; };
		47AFB9CA286480A2005501FA /* AblyHomeDataRepository.swift */ = {isa = PBXFileReference; lastKnownFileType = sourcecode.swift; path = AblyHomeDataRepository.swift; sourceTree = "<group>"; };
/* End PBXFileReference section */

/* Begin PBXFrameworksBuildPhase section */
		47A3EF6A2862D7B70026C400 /* Frameworks */ = {
			isa = PBXFrameworksBuildPhase;
			buildActionMask = 2147483647;
			files = (
				47A3EF8B2862D86C0026C400 /* RxCocoa in Frameworks */,
				47A3EF862862D8480026C400 /* SnapKit in Frameworks */,
				47A3EF8F2862D86C0026C400 /* RxSwift in Frameworks */,
				47A3EF8D2862D86C0026C400 /* RxRelay in Frameworks */,
			);
			runOnlyForDeploymentPostprocessing = 0;
		};
/* End PBXFrameworksBuildPhase section */

/* Begin PBXGroup section */
		47A3EF642862D7B70026C400 = {
			isa = PBXGroup;
			children = (
				47A3EF6F2862D7B70026C400 /* Ably */,
				47A3EF6E2862D7B70026C400 /* Products */,
			);
			sourceTree = "<group>";
		};
		47A3EF6E2862D7B70026C400 /* Products */ = {
			isa = PBXGroup;
			children = (
				47A3EF6D2862D7B70026C400 /* Ably.app */,
			);
			name = Products;
			sourceTree = "<group>";
		};
		47A3EF6F2862D7B70026C400 /* Ably */ = {
			isa = PBXGroup;
			children = (
				47AFB9C028645102005501FA /* Domain */,
				47AFB9B12862FD7B005501FA /* Data */,
				47A3EF932862DFB90026C400 /* Application */,
				47A3EF742862D7B70026C400 /* ViewController.swift */,
				47A3EF762862D7B70026C400 /* Main.storyboard */,
				47A3EF7B2862D7BA0026C400 /* LaunchScreen.storyboard */,
				47A3EF942862DFF10026C400 /* Resources */,
			);
			path = Ably;
			sourceTree = "<group>";
		};
		47A3EF932862DFB90026C400 /* Application */ = {
			isa = PBXGroup;
			children = (
				47A3EF702862D7B70026C400 /* AppDelegate.swift */,
				47A3EF722862D7B70026C400 /* SceneDelegate.swift */,
			);
			path = Application;
			sourceTree = "<group>";
		};
		47A3EF942862DFF10026C400 /* Resources */ = {
			isa = PBXGroup;
			children = (
				47A3EF792862D7BA0026C400 /* Assets.xcassets */,
				47A3EF7E2862D7BA0026C400 /* Info.plist */,
			);
			path = Resources;
			sourceTree = "<group>";
		};
		47AFB9B12862FD7B005501FA /* Data */ = {
			isa = PBXGroup;
			children = (
				47AFB9B72862FE28005501FA /* Network */,
				47AFB9B22862FD84005501FA /* NetworkDTO */,
				47AFB9CA286480A2005501FA /* AblyHomeDataRepository.swift */,
			);
			path = Data;
			sourceTree = "<group>";
		};
		47AFB9B22862FD84005501FA /* NetworkDTO */ = {
			isa = PBXGroup;
			children = (
				47AFB9AF2862FC4E005501FA /* AblyHomeDTO.swift */,
				47AFB9B32862FD9A005501FA /* AblyBannerDTO.swift */,
				47AFB9B52862FDC0005501FA /* AblyGoodsDTO.swift */,
			);
			path = NetworkDTO;
			sourceTree = "<group>";
		};
		47AFB9B72862FE28005501FA /* Network */ = {
			isa = PBXGroup;
			children = (
				47AFB9B82862FE53005501FA /* URLRequest+extension.swift */,
				47AFB9BA2862FF56005501FA /* EndPoint.swift */,
				47AFB9BC28634784005501FA /* HTTPNetwork.swift */,
				47AFB9BE28634BBE005501FA /* JSONParser.swift */,
				47AFB9C828645874005501FA /* HTTPNetworkError.swift */,
			);
			path = Network;
			sourceTree = "<group>";
		};
		47AFB9C028645102005501FA /* Domain */ = {
			isa = PBXGroup;
			children = (
				47AFB9C12864510F005501FA /* Entity */,
			);
			path = Domain;
			sourceTree = "<group>";
		};
		47AFB9C12864510F005501FA /* Entity */ = {
			isa = PBXGroup;
			children = (
				47AFB9C228645123005501FA /* AblyHomeData.swift */,
				47AFB9C42864519B005501FA /* AblyBanner.swift */,
				47AFB9C6286451A9005501FA /* AblyGoods.swift */,
			);
			path = Entity;
			sourceTree = "<group>";
		};
/* End PBXGroup section */

/* Begin PBXNativeTarget section */
		47A3EF6C2862D7B70026C400 /* Ably */ = {
			isa = PBXNativeTarget;
			buildConfigurationList = 47A3EF812862D7BA0026C400 /* Build configuration list for PBXNativeTarget "Ably" */;
			buildPhases = (
				47A3EF692862D7B70026C400 /* Sources */,
				47A3EF6A2862D7B70026C400 /* Frameworks */,
				47A3EF6B2862D7B70026C400 /* Resources */,
			);
			buildRules = (
			);
			dependencies = (
			);
			name = Ably;
			packageProductDependencies = (
				47A3EF852862D8480026C400 /* SnapKit */,
				47A3EF8A2862D86C0026C400 /* RxCocoa */,
				47A3EF8C2862D86C0026C400 /* RxRelay */,
				47A3EF8E2862D86C0026C400 /* RxSwift */,
			);
			productName = Ably;
			productReference = 47A3EF6D2862D7B70026C400 /* Ably.app */;
			productType = "com.apple.product-type.application";
		};
/* End PBXNativeTarget section */

/* Begin PBXProject section */
		47A3EF652862D7B70026C400 /* Project object */ = {
			isa = PBXProject;
			attributes = {
				BuildIndependentTargetsInParallel = 1;
				LastSwiftUpdateCheck = 1340;
				LastUpgradeCheck = 1340;
				TargetAttributes = {
					47A3EF6C2862D7B70026C400 = {
						CreatedOnToolsVersion = 13.4.1;
					};
				};
			};
			buildConfigurationList = 47A3EF682862D7B70026C400 /* Build configuration list for PBXProject "Ably" */;
			compatibilityVersion = "Xcode 13.0";
			developmentRegion = en;
			hasScannedForEncodings = 0;
			knownRegions = (
				en,
				Base,
			);
			mainGroup = 47A3EF642862D7B70026C400;
			packageReferences = (
				47A3EF842862D8480026C400 /* XCRemoteSwiftPackageReference "SnapKit" */,
				47A3EF872862D86C0026C400 /* XCRemoteSwiftPackageReference "RxSwift" */,
			);
			productRefGroup = 47A3EF6E2862D7B70026C400 /* Products */;
			projectDirPath = "";
			projectRoot = "";
			targets = (
				47A3EF6C2862D7B70026C400 /* Ably */,
			);
		};
/* End PBXProject section */

/* Begin PBXResourcesBuildPhase section */
		47A3EF6B2862D7B70026C400 /* Resources */ = {
			isa = PBXResourcesBuildPhase;
			buildActionMask = 2147483647;
			files = (
				47A3EF7D2862D7BA0026C400 /* LaunchScreen.storyboard in Resources */,
				47A3EF7A2862D7BA0026C400 /* Assets.xcassets in Resources */,
				47A3EF782862D7B70026C400 /* Main.storyboard in Resources */,
			);
			runOnlyForDeploymentPostprocessing = 0;
		};
/* End PBXResourcesBuildPhase section */

/* Begin PBXSourcesBuildPhase section */
		47A3EF692862D7B70026C400 /* Sources */ = {
			isa = PBXSourcesBuildPhase;
			buildActionMask = 2147483647;
			files = (
				47AFB9BD28634784005501FA /* HTTPNetwork.swift in Sources */,
				47AFB9C928645874005501FA /* HTTPNetworkError.swift in Sources */,
				47AFB9B02862FC4E005501FA /* AblyHomeDTO.swift in Sources */,
				47AFB9C328645123005501FA /* AblyHomeData.swift in Sources */,
				47AFB9B92862FE53005501FA /* URLRequest+extension.swift in Sources */,
				47AFB9CB286480A2005501FA /* AblyHomeDataRepository.swift in Sources */,
				47AFB9BB2862FF56005501FA /* EndPoint.swift in Sources */,
				47A3EF752862D7B70026C400 /* ViewController.swift in Sources */,
				47AFB9B62862FDC0005501FA /* AblyGoodsDTO.swift in Sources */,
				47AFB9BF28634BBE005501FA /* JSONParser.swift in Sources */,
				47A3EF712862D7B70026C400 /* AppDelegate.swift in Sources */,
				47AFB9C52864519B005501FA /* AblyBanner.swift in Sources */,
				47A3EF732862D7B70026C400 /* SceneDelegate.swift in Sources */,
				47AFB9C7286451A9005501FA /* AblyGoods.swift in Sources */,
				47AFB9B42862FD9A005501FA /* AblyBannerDTO.swift in Sources */,
			);
			runOnlyForDeploymentPostprocessing = 0;
		};
/* End PBXSourcesBuildPhase section */

/* Begin PBXVariantGroup section */
		47A3EF762862D7B70026C400 /* Main.storyboard */ = {
			isa = PBXVariantGroup;
			children = (
				47A3EF772862D7B70026C400 /* Base */,
			);
			name = Main.storyboard;
			sourceTree = "<group>";
		};
		47A3EF7B2862D7BA0026C400 /* LaunchScreen.storyboard */ = {
			isa = PBXVariantGroup;
			children = (
				47A3EF7C2862D7BA0026C400 /* Base */,
			);
			name = LaunchScreen.storyboard;
			sourceTree = "<group>";
		};
/* End PBXVariantGroup section */

/* Begin XCBuildConfiguration section */
		47A3EF7F2862D7BA0026C400 /* Debug */ = {
			isa = XCBuildConfiguration;
			buildSettings = {
				ALWAYS_SEARCH_USER_PATHS = NO;
				CLANG_ANALYZER_NONNULL = YES;
				CLANG_ANALYZER_NUMBER_OBJECT_CONVERSION = YES_AGGRESSIVE;
				CLANG_CXX_LANGUAGE_STANDARD = "gnu++17";
				CLANG_ENABLE_MODULES = YES;
				CLANG_ENABLE_OBJC_ARC = YES;
				CLANG_ENABLE_OBJC_WEAK = YES;
				CLANG_WARN_BLOCK_CAPTURE_AUTORELEASING = YES;
				CLANG_WARN_BOOL_CONVERSION = YES;
				CLANG_WARN_COMMA = YES;
				CLANG_WARN_CONSTANT_CONVERSION = YES;
				CLANG_WARN_DEPRECATED_OBJC_IMPLEMENTATIONS = YES;
				CLANG_WARN_DIRECT_OBJC_ISA_USAGE = YES_ERROR;
				CLANG_WARN_DOCUMENTATION_COMMENTS = YES;
				CLANG_WARN_EMPTY_BODY = YES;
				CLANG_WARN_ENUM_CONVERSION = YES;
				CLANG_WARN_INFINITE_RECURSION = YES;
				CLANG_WARN_INT_CONVERSION = YES;
				CLANG_WARN_NON_LITERAL_NULL_CONVERSION = YES;
				CLANG_WARN_OBJC_IMPLICIT_RETAIN_SELF = YES;
				CLANG_WARN_OBJC_LITERAL_CONVERSION = YES;
				CLANG_WARN_OBJC_ROOT_CLASS = YES_ERROR;
				CLANG_WARN_QUOTED_INCLUDE_IN_FRAMEWORK_HEADER = YES;
				CLANG_WARN_RANGE_LOOP_ANALYSIS = YES;
				CLANG_WARN_STRICT_PROTOTYPES = YES;
				CLANG_WARN_SUSPICIOUS_MOVE = YES;
				CLANG_WARN_UNGUARDED_AVAILABILITY = YES_AGGRESSIVE;
				CLANG_WARN_UNREACHABLE_CODE = YES;
				CLANG_WARN__DUPLICATE_METHOD_MATCH = YES;
				COPY_PHASE_STRIP = NO;
				DEBUG_INFORMATION_FORMAT = dwarf;
				ENABLE_STRICT_OBJC_MSGSEND = YES;
				ENABLE_TESTABILITY = YES;
				ENABLE_TESTING_SEARCH_PATHS = YES;
				GCC_C_LANGUAGE_STANDARD = gnu11;
				GCC_DYNAMIC_NO_PIC = NO;
				GCC_NO_COMMON_BLOCKS = YES;
				GCC_OPTIMIZATION_LEVEL = 0;
				GCC_PREPROCESSOR_DEFINITIONS = (
					"DEBUG=1",
					"$(inherited)",
				);
				GCC_WARN_64_TO_32_BIT_CONVERSION = YES;
				GCC_WARN_ABOUT_RETURN_TYPE = YES_ERROR;
				GCC_WARN_UNDECLARED_SELECTOR = YES;
				GCC_WARN_UNINITIALIZED_AUTOS = YES_AGGRESSIVE;
				GCC_WARN_UNUSED_FUNCTION = YES;
				GCC_WARN_UNUSED_VARIABLE = YES;
				IPHONEOS_DEPLOYMENT_TARGET = 13.0;
				MTL_ENABLE_DEBUG_INFO = INCLUDE_SOURCE;
				MTL_FAST_MATH = YES;
				ONLY_ACTIVE_ARCH = YES;
				SDKROOT = iphoneos;
				SWIFT_ACTIVE_COMPILATION_CONDITIONS = DEBUG;
				SWIFT_OPTIMIZATION_LEVEL = "-Onone";
			};
			name = Debug;
		};
		47A3EF802862D7BA0026C400 /* Release */ = {
			isa = XCBuildConfiguration;
			buildSettings = {
				ALWAYS_SEARCH_USER_PATHS = NO;
				CLANG_ANALYZER_NONNULL = YES;
				CLANG_ANALYZER_NUMBER_OBJECT_CONVERSION = YES_AGGRESSIVE;
				CLANG_CXX_LANGUAGE_STANDARD = "gnu++17";
				CLANG_ENABLE_MODULES = YES;
				CLANG_ENABLE_OBJC_ARC = YES;
				CLANG_ENABLE_OBJC_WEAK = YES;
				CLANG_WARN_BLOCK_CAPTURE_AUTORELEASING = YES;
				CLANG_WARN_BOOL_CONVERSION = YES;
				CLANG_WARN_COMMA = YES;
				CLANG_WARN_CONSTANT_CONVERSION = YES;
				CLANG_WARN_DEPRECATED_OBJC_IMPLEMENTATIONS = YES;
				CLANG_WARN_DIRECT_OBJC_ISA_USAGE = YES_ERROR;
				CLANG_WARN_DOCUMENTATION_COMMENTS = YES;
				CLANG_WARN_EMPTY_BODY = YES;
				CLANG_WARN_ENUM_CONVERSION = YES;
				CLANG_WARN_INFINITE_RECURSION = YES;
				CLANG_WARN_INT_CONVERSION = YES;
				CLANG_WARN_NON_LITERAL_NULL_CONVERSION = YES;
				CLANG_WARN_OBJC_IMPLICIT_RETAIN_SELF = YES;
				CLANG_WARN_OBJC_LITERAL_CONVERSION = YES;
				CLANG_WARN_OBJC_ROOT_CLASS = YES_ERROR;
				CLANG_WARN_QUOTED_INCLUDE_IN_FRAMEWORK_HEADER = YES;
				CLANG_WARN_RANGE_LOOP_ANALYSIS = YES;
				CLANG_WARN_STRICT_PROTOTYPES = YES;
				CLANG_WARN_SUSPICIOUS_MOVE = YES;
				CLANG_WARN_UNGUARDED_AVAILABILITY = YES_AGGRESSIVE;
				CLANG_WARN_UNREACHABLE_CODE = YES;
				CLANG_WARN__DUPLICATE_METHOD_MATCH = YES;
				COPY_PHASE_STRIP = NO;
				DEBUG_INFORMATION_FORMAT = "dwarf-with-dsym";
				ENABLE_NS_ASSERTIONS = NO;
				ENABLE_STRICT_OBJC_MSGSEND = YES;
				ENABLE_TESTING_SEARCH_PATHS = YES;
				GCC_C_LANGUAGE_STANDARD = gnu11;
				GCC_NO_COMMON_BLOCKS = YES;
				GCC_WARN_64_TO_32_BIT_CONVERSION = YES;
				GCC_WARN_ABOUT_RETURN_TYPE = YES_ERROR;
				GCC_WARN_UNDECLARED_SELECTOR = YES;
				GCC_WARN_UNINITIALIZED_AUTOS = YES_AGGRESSIVE;
				GCC_WARN_UNUSED_FUNCTION = YES;
				GCC_WARN_UNUSED_VARIABLE = YES;
				IPHONEOS_DEPLOYMENT_TARGET = 13.0;
				MTL_ENABLE_DEBUG_INFO = NO;
				MTL_FAST_MATH = YES;
				SDKROOT = iphoneos;
				SWIFT_COMPILATION_MODE = wholemodule;
				SWIFT_OPTIMIZATION_LEVEL = "-O";
				VALIDATE_PRODUCT = YES;
			};
			name = Release;
		};
		47A3EF822862D7BA0026C400 /* Debug */ = {
			isa = XCBuildConfiguration;
			buildSettings = {
				ASSETCATALOG_COMPILER_APPICON_NAME = AppIcon;
				ASSETCATALOG_COMPILER_GLOBAL_ACCENT_COLOR_NAME = AccentColor;
				CODE_SIGN_STYLE = Automatic;
				CURRENT_PROJECT_VERSION = 1;
				DEVELOPMENT_TEAM = 3P8RM8472L;
				GENERATE_INFOPLIST_FILE = YES;
				INFOPLIST_FILE = Ably/Resources/Info.plist;
				INFOPLIST_KEY_UIApplicationSupportsIndirectInputEvents = YES;
				INFOPLIST_KEY_UILaunchStoryboardName = LaunchScreen;
				INFOPLIST_KEY_UIMainStoryboardFile = Main;
				INFOPLIST_KEY_UISupportedInterfaceOrientations_iPad = "UIInterfaceOrientationPortrait UIInterfaceOrientationPortraitUpsideDown UIInterfaceOrientationLandscapeLeft UIInterfaceOrientationLandscapeRight";
				INFOPLIST_KEY_UISupportedInterfaceOrientations_iPhone = "UIInterfaceOrientationPortrait UIInterfaceOrientationLandscapeLeft UIInterfaceOrientationLandscapeRight";
				LD_RUNPATH_SEARCH_PATHS = (
					"$(inherited)",
					"@executable_path/Frameworks",
				);
				MARKETING_VERSION = 1.0;
				PRODUCT_BUNDLE_IDENTIFIER = com.Asan.Ably;
				PRODUCT_NAME = "$(TARGET_NAME)";
				SWIFT_EMIT_LOC_STRINGS = YES;
				SWIFT_VERSION = 5.0;
				TARGETED_DEVICE_FAMILY = "1,2";
			};
			name = Debug;
		};
		47A3EF832862D7BA0026C400 /* Release */ = {
			isa = XCBuildConfiguration;
			buildSettings = {
				ASSETCATALOG_COMPILER_APPICON_NAME = AppIcon;
				ASSETCATALOG_COMPILER_GLOBAL_ACCENT_COLOR_NAME = AccentColor;
				CODE_SIGN_STYLE = Automatic;
				CURRENT_PROJECT_VERSION = 1;
				DEVELOPMENT_TEAM = 3P8RM8472L;
				GENERATE_INFOPLIST_FILE = YES;
				INFOPLIST_FILE = Ably/Resources/Info.plist;
				INFOPLIST_KEY_UIApplicationSupportsIndirectInputEvents = YES;
				INFOPLIST_KEY_UILaunchStoryboardName = LaunchScreen;
				INFOPLIST_KEY_UIMainStoryboardFile = Main;
				INFOPLIST_KEY_UISupportedInterfaceOrientations_iPad = "UIInterfaceOrientationPortrait UIInterfaceOrientationPortraitUpsideDown UIInterfaceOrientationLandscapeLeft UIInterfaceOrientationLandscapeRight";
				INFOPLIST_KEY_UISupportedInterfaceOrientations_iPhone = "UIInterfaceOrientationPortrait UIInterfaceOrientationLandscapeLeft UIInterfaceOrientationLandscapeRight";
				LD_RUNPATH_SEARCH_PATHS = (
					"$(inherited)",
					"@executable_path/Frameworks",
				);
				MARKETING_VERSION = 1.0;
				PRODUCT_BUNDLE_IDENTIFIER = com.Asan.Ably;
				PRODUCT_NAME = "$(TARGET_NAME)";
				SWIFT_EMIT_LOC_STRINGS = YES;
				SWIFT_VERSION = 5.0;
				TARGETED_DEVICE_FAMILY = "1,2";
			};
			name = Release;
		};
/* End XCBuildConfiguration section */

/* Begin XCConfigurationList section */
		47A3EF682862D7B70026C400 /* Build configuration list for PBXProject "Ably" */ = {
			isa = XCConfigurationList;
			buildConfigurations = (
				47A3EF7F2862D7BA0026C400 /* Debug */,
				47A3EF802862D7BA0026C400 /* Release */,
			);
			defaultConfigurationIsVisible = 0;
			defaultConfigurationName = Release;
		};
		47A3EF812862D7BA0026C400 /* Build configuration list for PBXNativeTarget "Ably" */ = {
			isa = XCConfigurationList;
			buildConfigurations = (
				47A3EF822862D7BA0026C400 /* Debug */,
				47A3EF832862D7BA0026C400 /* Release */,
			);
			defaultConfigurationIsVisible = 0;
			defaultConfigurationName = Release;
		};
/* End XCConfigurationList section */

/* Begin XCRemoteSwiftPackageReference section */
		47A3EF842862D8480026C400 /* XCRemoteSwiftPackageReference "SnapKit" */ = {
			isa = XCRemoteSwiftPackageReference;
			repositoryURL = "https://github.com/SnapKit/SnapKit.git";
			requirement = {
				kind = upToNextMinorVersion;
				minimumVersion = 5.6.0;
			};
		};
		47A3EF872862D86C0026C400 /* XCRemoteSwiftPackageReference "RxSwift" */ = {
			isa = XCRemoteSwiftPackageReference;
			repositoryURL = "https://github.com/ReactiveX/RxSwift";
			requirement = {
				kind = upToNextMinorVersion;
				minimumVersion = 6.5.0;
			};
		};
/* End XCRemoteSwiftPackageReference section */

/* Begin XCSwiftPackageProductDependency section */
		47A3EF852862D8480026C400 /* SnapKit */ = {
			isa = XCSwiftPackageProductDependency;
			package = 47A3EF842862D8480026C400 /* XCRemoteSwiftPackageReference "SnapKit" */;
			productName = SnapKit;
		};
		47A3EF8A2862D86C0026C400 /* RxCocoa */ = {
			isa = XCSwiftPackageProductDependency;
			package = 47A3EF872862D86C0026C400 /* XCRemoteSwiftPackageReference "RxSwift" */;
			productName = RxCocoa;
		};
		47A3EF8C2862D86C0026C400 /* RxRelay */ = {
			isa = XCSwiftPackageProductDependency;
			package = 47A3EF872862D86C0026C400 /* XCRemoteSwiftPackageReference "RxSwift" */;
			productName = RxRelay;
		};
		47A3EF8E2862D86C0026C400 /* RxSwift */ = {
			isa = XCSwiftPackageProductDependency;
			package = 47A3EF872862D86C0026C400 /* XCRemoteSwiftPackageReference "RxSwift" */;
			productName = RxSwift;
		};
/* End XCSwiftPackageProductDependency section */
	};
	rootObject = 47A3EF652862D7B70026C400 /* Project object */;
}
