// !$*UTF8*$!
{
	archiveVersion = 1;
	classes = {
	};
	objectVersion = 55;
	objects = {

/* Begin PBXBuildFile section */
		477942FB2868573000872C54 /* Realm in Frameworks */ = {isa = PBXBuildFile; productRef = 477942FA2868573000872C54 /* Realm */; };
		477942FD2868573000872C54 /* RealmSwift in Frameworks */ = {isa = PBXBuildFile; productRef = 477942FC2868573000872C54 /* RealmSwift */; };
		4779430028685A5C00872C54 /* AblyGoodsRealmDTO.swift in Sources */ = {isa = PBXBuildFile; fileRef = 477942FF28685A5C00872C54 /* AblyGoodsRealmDTO.swift */; };
		4779430228685D2100872C54 /* RealmManager.swift in Sources */ = {isa = PBXBuildFile; fileRef = 4779430128685D2100872C54 /* RealmManager.swift */; };
		477943042868620400872C54 /* AblyRealmRepository.swift in Sources */ = {isa = PBXBuildFile; fileRef = 477943032868620400872C54 /* AblyRealmRepository.swift */; };
		477943062868776F00872C54 /* FavoriteViewModel.swift in Sources */ = {isa = PBXBuildFile; fileRef = 477943052868776F00872C54 /* FavoriteViewModel.swift */; };
		47794308286877E500872C54 /* FavoriteUseCase.swift in Sources */ = {isa = PBXBuildFile; fileRef = 47794307286877E500872C54 /* FavoriteUseCase.swift */; };
		4779430A28687CFD00872C54 /* Int+extension.swift in Sources */ = {isa = PBXBuildFile; fileRef = 4779430928687CFD00872C54 /* Int+extension.swift */; };
		477943152868854300872C54 /* RealmRepository.swift in Sources */ = {isa = PBXBuildFile; fileRef = 477943142868854300872C54 /* RealmRepository.swift */; };
		479911512864BB3200F7C5F2 /* Design.swift in Sources */ = {isa = PBXBuildFile; fileRef = 479911502864BB3200F7C5F2 /* Design.swift */; };
		47991153286586C300F7C5F2 /* BannerCell.swift in Sources */ = {isa = PBXBuildFile; fileRef = 47991152286586C300F7C5F2 /* BannerCell.swift */; };
		4799115528658A6D00F7C5F2 /* GoodsCell.swift in Sources */ = {isa = PBXBuildFile; fileRef = 4799115428658A6D00F7C5F2 /* GoodsCell.swift */; };
		479911582865B69200F7C5F2 /* SDWebImage in Frameworks */ = {isa = PBXBuildFile; productRef = 479911572865B69200F7C5F2 /* SDWebImage */; };
		4799115A2865F7B200F7C5F2 /* CellReusable.swift in Sources */ = {isa = PBXBuildFile; fileRef = 479911592865F7B200F7C5F2 /* CellReusable.swift */; };
		4799115C286701C800F7C5F2 /* HomeViewModel.swift in Sources */ = {isa = PBXBuildFile; fileRef = 4799115B286701C800F7C5F2 /* HomeViewModel.swift */; };
		4799115E2868362A00F7C5F2 /* FavoriteViewController.swift in Sources */ = {isa = PBXBuildFile; fileRef = 4799115D2868362A00F7C5F2 /* FavoriteViewController.swift */; };
		479CD18428688E2900ABD0AB /* UIFont+extension.swift in Sources */ = {isa = PBXBuildFile; fileRef = 479CD18328688E2900ABD0AB /* UIFont+extension.swift */; };
		479CD1862868925900ABD0AB /* ViewModelDescribing.swift in Sources */ = {isa = PBXBuildFile; fileRef = 479CD1852868925900ABD0AB /* ViewModelDescribing.swift */; };
		47A3EF712862D7B70026C400 /* AppDelegate.swift in Sources */ = {isa = PBXBuildFile; fileRef = 47A3EF702862D7B70026C400 /* AppDelegate.swift */; };
		47A3EF732862D7B70026C400 /* SceneDelegate.swift in Sources */ = {isa = PBXBuildFile; fileRef = 47A3EF722862D7B70026C400 /* SceneDelegate.swift */; };
		47A3EF752862D7B70026C400 /* HomeViewController.swift in Sources */ = {isa = PBXBuildFile; fileRef = 47A3EF742862D7B70026C400 /* HomeViewController.swift */; };
		47A3EF7A2862D7BA0026C400 /* Assets.xcassets in Resources */ = {isa = PBXBuildFile; fileRef = 47A3EF792862D7BA0026C400 /* Assets.xcassets */; };
		47A3EF7D2862D7BA0026C400 /* LaunchScreen.storyboard in Resources */ = {isa = PBXBuildFile; fileRef = 47A3EF7B2862D7BA0026C400 /* LaunchScreen.storyboard */; };
		47A3EF862862D8480026C400 /* SnapKit in Frameworks */ = {isa = PBXBuildFile; productRef = 47A3EF852862D8480026C400 /* SnapKit */; };
		47A3EF8B2862D86C0026C400 /* RxCocoa in Frameworks */ = {isa = PBXBuildFile; productRef = 47A3EF8A2862D86C0026C400 /* RxCocoa */; };
		47A3EF8D2862D86C0026C400 /* RxRelay in Frameworks */ = {isa = PBXBuildFile; productRef = 47A3EF8C2862D86C0026C400 /* RxRelay */; };
		47A3EF8F2862D86C0026C400 /* RxSwift in Frameworks */ = {isa = PBXBuildFile; productRef = 47A3EF8E2862D86C0026C400 /* RxSwift */; };
		47AFB9B02862FC4E005501FA /* AblyHomeDTO.swift in Sources */ = {isa = PBXBuildFile; fileRef = 47AFB9AF2862FC4E005501FA /* AblyHomeDTO.swift */; };
		47AFB9B42862FD9A005501FA /* AblyBannerDTO.swift in Sources */ = {isa = PBXBuildFile; fileRef = 47AFB9B32862FD9A005501FA /* AblyBannerDTO.swift */; };
		47AFB9B62862FDC0005501FA /* AblyGoodsDTO.swift in Sources */ = {isa = PBXBuildFile; fileRef = 47AFB9B52862FDC0005501FA /* AblyGoodsDTO.swift */; };
		47AFB9B92862FE53005501FA /* URLRequest+extension.swift in Sources */ = {isa = PBXBuildFile; fileRef = 47AFB9B82862FE53005501FA /* URLRequest+extension.swift */; };
		47AFB9BB2862FF56005501FA /* EndPoint.swift in Sources */ = {isa = PBXBuildFile; fileRef = 47AFB9BA2862FF56005501FA /* EndPoint.swift */; };
		47AFB9BD28634784005501FA /* HTTPNetworkManager.swift in Sources */ = {isa = PBXBuildFile; fileRef = 47AFB9BC28634784005501FA /* HTTPNetworkManager.swift */; };
		47AFB9BF28634BBE005501FA /* JSONParser.swift in Sources */ = {isa = PBXBuildFile; fileRef = 47AFB9BE28634BBE005501FA /* JSONParser.swift */; };
		47AFB9C328645123005501FA /* AblyHomeData.swift in Sources */ = {isa = PBXBuildFile; fileRef = 47AFB9C228645123005501FA /* AblyHomeData.swift */; };
		47AFB9C52864519B005501FA /* AblyBanner.swift in Sources */ = {isa = PBXBuildFile; fileRef = 47AFB9C42864519B005501FA /* AblyBanner.swift */; };
		47AFB9C7286451A9005501FA /* AblyGoods.swift in Sources */ = {isa = PBXBuildFile; fileRef = 47AFB9C6286451A9005501FA /* AblyGoods.swift */; };
		47AFB9C928645874005501FA /* HTTPNetworkError.swift in Sources */ = {isa = PBXBuildFile; fileRef = 47AFB9C828645874005501FA /* HTTPNetworkError.swift */; };
		47AFB9CB286480A2005501FA /* AblyNetworkRepository.swift in Sources */ = {isa = PBXBuildFile; fileRef = 47AFB9CA286480A2005501FA /* AblyNetworkRepository.swift */; };
		47AFB9D128648FDF005501FA /* NetworkRepository.swift in Sources */ = {isa = PBXBuildFile; fileRef = 47AFB9D028648FDF005501FA /* NetworkRepository.swift */; };
		47AFB9D3286495FA005501FA /* AblyHomeDataUseCase.swift in Sources */ = {isa = PBXBuildFile; fileRef = 47AFB9D2286495FA005501FA /* AblyHomeDataUseCase.swift */; };
		47AFB9D62864AE54005501FA /* AblyTabBarController.swift in Sources */ = {isa = PBXBuildFile; fileRef = 47AFB9D52864AE54005501FA /* AblyTabBarController.swift */; };
/* End PBXBuildFile section */

/* Begin PBXFileReference section */
		477942FF28685A5C00872C54 /* AblyGoodsRealmDTO.swift */ = {isa = PBXFileReference; lastKnownFileType = sourcecode.swift; path = AblyGoodsRealmDTO.swift; sourceTree = "<group>"; };
		4779430128685D2100872C54 /* RealmManager.swift */ = {isa = PBXFileReference; lastKnownFileType = sourcecode.swift; path = RealmManager.swift; sourceTree = "<group>"; };
		477943032868620400872C54 /* AblyRealmRepository.swift */ = {isa = PBXFileReference; lastKnownFileType = sourcecode.swift; path = AblyRealmRepository.swift; sourceTree = "<group>"; };
		477943052868776F00872C54 /* FavoriteViewModel.swift */ = {isa = PBXFileReference; lastKnownFileType = sourcecode.swift; path = FavoriteViewModel.swift; sourceTree = "<group>"; };
		47794307286877E500872C54 /* FavoriteUseCase.swift */ = {isa = PBXFileReference; lastKnownFileType = sourcecode.swift; path = FavoriteUseCase.swift; sourceTree = "<group>"; };
		4779430928687CFD00872C54 /* Int+extension.swift */ = {isa = PBXFileReference; lastKnownFileType = sourcecode.swift; path = "Int+extension.swift"; sourceTree = "<group>"; };
		477943142868854300872C54 /* RealmRepository.swift */ = {isa = PBXFileReference; lastKnownFileType = sourcecode.swift; path = RealmRepository.swift; sourceTree = "<group>"; };
		479911502864BB3200F7C5F2 /* Design.swift */ = {isa = PBXFileReference; lastKnownFileType = sourcecode.swift; path = Design.swift; sourceTree = "<group>"; };
		47991152286586C300F7C5F2 /* BannerCell.swift */ = {isa = PBXFileReference; lastKnownFileType = sourcecode.swift; path = BannerCell.swift; sourceTree = "<group>"; };
		4799115428658A6D00F7C5F2 /* GoodsCell.swift */ = {isa = PBXFileReference; lastKnownFileType = sourcecode.swift; path = GoodsCell.swift; sourceTree = "<group>"; };
		479911592865F7B200F7C5F2 /* CellReusable.swift */ = {isa = PBXFileReference; lastKnownFileType = sourcecode.swift; path = CellReusable.swift; sourceTree = "<group>"; };
		4799115B286701C800F7C5F2 /* HomeViewModel.swift */ = {isa = PBXFileReference; lastKnownFileType = sourcecode.swift; path = HomeViewModel.swift; sourceTree = "<group>"; };
		4799115D2868362A00F7C5F2 /* FavoriteViewController.swift */ = {isa = PBXFileReference; lastKnownFileType = sourcecode.swift; path = FavoriteViewController.swift; sourceTree = "<group>"; };
		479CD18328688E2900ABD0AB /* UIFont+extension.swift */ = {isa = PBXFileReference; lastKnownFileType = sourcecode.swift; path = "UIFont+extension.swift"; sourceTree = "<group>"; };
		479CD1852868925900ABD0AB /* ViewModelDescribing.swift */ = {isa = PBXFileReference; lastKnownFileType = sourcecode.swift; path = ViewModelDescribing.swift; sourceTree = "<group>"; };
		47A3EF6D2862D7B70026C400 /* Ably.app */ = {isa = PBXFileReference; explicitFileType = wrapper.application; includeInIndex = 0; path = Ably.app; sourceTree = BUILT_PRODUCTS_DIR; };
		47A3EF702862D7B70026C400 /* AppDelegate.swift */ = {isa = PBXFileReference; lastKnownFileType = sourcecode.swift; path = AppDelegate.swift; sourceTree = "<group>"; };
		47A3EF722862D7B70026C400 /* SceneDelegate.swift */ = {isa = PBXFileReference; lastKnownFileType = sourcecode.swift; path = SceneDelegate.swift; sourceTree = "<group>"; };
		47A3EF742862D7B70026C400 /* HomeViewController.swift */ = {isa = PBXFileReference; lastKnownFileType = sourcecode.swift; path = HomeViewController.swift; sourceTree = "<group>"; };
		47A3EF792862D7BA0026C400 /* Assets.xcassets */ = {isa = PBXFileReference; lastKnownFileType = folder.assetcatalog; path = Assets.xcassets; sourceTree = "<group>"; };
		47A3EF7C2862D7BA0026C400 /* Base */ = {isa = PBXFileReference; lastKnownFileType = file.storyboard; name = Base; path = Base.lproj/LaunchScreen.storyboard; sourceTree = "<group>"; };
		47A3EF7E2862D7BA0026C400 /* Info.plist */ = {isa = PBXFileReference; lastKnownFileType = text.plist.xml; path = Info.plist; sourceTree = "<group>"; };
		47AFB9AF2862FC4E005501FA /* AblyHomeDTO.swift */ = {isa = PBXFileReference; lastKnownFileType = sourcecode.swift; path = AblyHomeDTO.swift; sourceTree = "<group>"; };
		47AFB9B32862FD9A005501FA /* AblyBannerDTO.swift */ = {isa = PBXFileReference; lastKnownFileType = sourcecode.swift; path = AblyBannerDTO.swift; sourceTree = "<group>"; };
		47AFB9B52862FDC0005501FA /* AblyGoodsDTO.swift */ = {isa = PBXFileReference; lastKnownFileType = sourcecode.swift; path = AblyGoodsDTO.swift; sourceTree = "<group>"; };
		47AFB9B82862FE53005501FA /* URLRequest+extension.swift */ = {isa = PBXFileReference; lastKnownFileType = sourcecode.swift; path = "URLRequest+extension.swift"; sourceTree = "<group>"; };
		47AFB9BA2862FF56005501FA /* EndPoint.swift */ = {isa = PBXFileReference; lastKnownFileType = sourcecode.swift; path = EndPoint.swift; sourceTree = "<group>"; };
		47AFB9BC28634784005501FA /* HTTPNetworkManager.swift */ = {isa = PBXFileReference; lastKnownFileType = sourcecode.swift; path = HTTPNetworkManager.swift; sourceTree = "<group>"; };
		47AFB9BE28634BBE005501FA /* JSONParser.swift */ = {isa = PBXFileReference; lastKnownFileType = sourcecode.swift; path = JSONParser.swift; sourceTree = "<group>"; };
		47AFB9C228645123005501FA /* AblyHomeData.swift */ = {isa = PBXFileReference; lastKnownFileType = sourcecode.swift; path = AblyHomeData.swift; sourceTree = "<group>"; };
		47AFB9C42864519B005501FA /* AblyBanner.swift */ = {isa = PBXFileReference; lastKnownFileType = sourcecode.swift; path = AblyBanner.swift; sourceTree = "<group>"; };
		47AFB9C6286451A9005501FA /* AblyGoods.swift */ = {isa = PBXFileReference; lastKnownFileType = sourcecode.swift; path = AblyGoods.swift; sourceTree = "<group>"; };
		47AFB9C828645874005501FA /* HTTPNetworkError.swift */ = {isa = PBXFileReference; lastKnownFileType = sourcecode.swift; path = HTTPNetworkError.swift; sourceTree = "<group>"; };
		47AFB9CA286480A2005501FA /* AblyNetworkRepository.swift */ = {isa = PBXFileReference; lastKnownFileType = sourcecode.swift; path = AblyNetworkRepository.swift; sourceTree = "<group>"; };
		47AFB9D028648FDF005501FA /* NetworkRepository.swift */ = {isa = PBXFileReference; lastKnownFileType = sourcecode.swift; path = NetworkRepository.swift; sourceTree = "<group>"; };
		47AFB9D2286495FA005501FA /* AblyHomeDataUseCase.swift */ = {isa = PBXFileReference; lastKnownFileType = sourcecode.swift; path = AblyHomeDataUseCase.swift; sourceTree = "<group>"; };
		47AFB9D52864AE54005501FA /* AblyTabBarController.swift */ = {isa = PBXFileReference; lastKnownFileType = sourcecode.swift; path = AblyTabBarController.swift; sourceTree = "<group>"; };
/* End PBXFileReference section */

/* Begin PBXFrameworksBuildPhase section */
		47A3EF6A2862D7B70026C400 /* Frameworks */ = {
			isa = PBXFrameworksBuildPhase;
			buildActionMask = 2147483647;
			files = (
				477942FB2868573000872C54 /* Realm in Frameworks */,
				47A3EF8B2862D86C0026C400 /* RxCocoa in Frameworks */,
				477942FD2868573000872C54 /* RealmSwift in Frameworks */,
				47A3EF862862D8480026C400 /* SnapKit in Frameworks */,
				47A3EF8F2862D86C0026C400 /* RxSwift in Frameworks */,
				47A3EF8D2862D86C0026C400 /* RxRelay in Frameworks */,
				479911582865B69200F7C5F2 /* SDWebImage in Frameworks */,
			);
			runOnlyForDeploymentPostprocessing = 0;
		};
/* End PBXFrameworksBuildPhase section */

/* Begin PBXGroup section */
		477942FE28685A2A00872C54 /* Realm */ = {
			isa = PBXGroup;
			children = (
				477942FF28685A5C00872C54 /* AblyGoodsRealmDTO.swift */,
				4779430128685D2100872C54 /* RealmManager.swift */,
			);
			path = Realm;
			sourceTree = "<group>";
		};
		4779430B28687EDF00872C54 /* Utility */ = {
			isa = PBXGroup;
			children = (
				47AFB9BE28634BBE005501FA /* JSONParser.swift */,
			);
			path = Utility;
			sourceTree = "<group>";
		};
		4779430D28687F5C00872C54 /* Extensions */ = {
			isa = PBXGroup;
			children = (
				4779430928687CFD00872C54 /* Int+extension.swift */,
				47AFB9B82862FE53005501FA /* URLRequest+extension.swift */,
				479CD18328688E2900ABD0AB /* UIFont+extension.swift */,
			);
			path = Extensions;
			sourceTree = "<group>";
		};
		4779430E28687F9700872C54 /* Repository */ = {
			isa = PBXGroup;
			children = (
				47AFB9CA286480A2005501FA /* AblyNetworkRepository.swift */,
				477943032868620400872C54 /* AblyRealmRepository.swift */,
			);
			path = Repository;
			sourceTree = "<group>";
		};
		4779430F28687FDE00872C54 /* UseCase */ = {
			isa = PBXGroup;
			children = (
				47AFB9D2286495FA005501FA /* AblyHomeDataUseCase.swift */,
				47794307286877E500872C54 /* FavoriteUseCase.swift */,
			);
			path = UseCase;
			sourceTree = "<group>";
		};
		477943102868802400872C54 /* HomeView */ = {
			isa = PBXGroup;
			children = (
				4799115B286701C800F7C5F2 /* HomeViewModel.swift */,
				47A3EF742862D7B70026C400 /* HomeViewController.swift */,
			);
			path = HomeView;
			sourceTree = "<group>";
		};
		477943112868803100872C54 /* FavoriteView */ = {
			isa = PBXGroup;
			children = (
				477943052868776F00872C54 /* FavoriteViewModel.swift */,
				4799115D2868362A00F7C5F2 /* FavoriteViewController.swift */,
			);
			path = FavoriteView;
			sourceTree = "<group>";
		};
		477943122868804E00872C54 /* Protocol */ = {
			isa = PBXGroup;
			children = (
				479911592865F7B200F7C5F2 /* CellReusable.swift */,
				479CD1852868925900ABD0AB /* ViewModelDescribing.swift */,
			);
			path = Protocol;
			sourceTree = "<group>";
		};
		477943132868806200872C54 /* Cells */ = {
			isa = PBXGroup;
			children = (
				47991152286586C300F7C5F2 /* BannerCell.swift */,
				4799115428658A6D00F7C5F2 /* GoodsCell.swift */,
			);
			path = Cells;
			sourceTree = "<group>";
		};
		47A3EF642862D7B70026C400 = {
			isa = PBXGroup;
			children = (
				47A3EF6F2862D7B70026C400 /* Ably */,
				47A3EF6E2862D7B70026C400 /* Products */,
			);
			sourceTree = "<group>";
		};
		47A3EF6E2862D7B70026C400 /* Products */ = {
			isa = PBXGroup;
			children = (
				47A3EF6D2862D7B70026C400 /* Ably.app */,
			);
			name = Products;
			sourceTree = "<group>";
		};
		47A3EF6F2862D7B70026C400 /* Ably */ = {
			isa = PBXGroup;
			children = (
				47AFB9D42864AE2B005501FA /* View */,
				47AFB9C028645102005501FA /* Domain */,
				47AFB9B12862FD7B005501FA /* Data */,
				4779430D28687F5C00872C54 /* Extensions */,
				47A3EF932862DFB90026C400 /* Application */,
				47A3EF7B2862D7BA0026C400 /* LaunchScreen.storyboard */,
				47A3EF942862DFF10026C400 /* Resources */,
			);
			path = Ably;
			sourceTree = "<group>";
		};
		47A3EF932862DFB90026C400 /* Application */ = {
			isa = PBXGroup;
			children = (
				47A3EF702862D7B70026C400 /* AppDelegate.swift */,
				47A3EF722862D7B70026C400 /* SceneDelegate.swift */,
			);
			path = Application;
			sourceTree = "<group>";
		};
		47A3EF942862DFF10026C400 /* Resources */ = {
			isa = PBXGroup;
			children = (
				47A3EF792862D7BA0026C400 /* Assets.xcassets */,
				47A3EF7E2862D7BA0026C400 /* Info.plist */,
			);
			path = Resources;
			sourceTree = "<group>";
		};
		47AFB9B12862FD7B005501FA /* Data */ = {
			isa = PBXGroup;
			children = (
				4779430E28687F9700872C54 /* Repository */,
				47AFB9B72862FE28005501FA /* Network */,
				477942FE28685A2A00872C54 /* Realm */,
				47AFB9CF28648FCF005501FA /* Protocol */,
			);
			path = Data;
			sourceTree = "<group>";
		};
		47AFB9B22862FD84005501FA /* NetworkDTO */ = {
			isa = PBXGroup;
			children = (
				47AFB9AF2862FC4E005501FA /* AblyHomeDTO.swift */,
				47AFB9B32862FD9A005501FA /* AblyBannerDTO.swift */,
				47AFB9B52862FDC0005501FA /* AblyGoodsDTO.swift */,
			);
			path = NetworkDTO;
			sourceTree = "<group>";
		};
		47AFB9B72862FE28005501FA /* Network */ = {
			isa = PBXGroup;
			children = (
				47AFB9BC28634784005501FA /* HTTPNetworkManager.swift */,
				47AFB9BA2862FF56005501FA /* EndPoint.swift */,
				47AFB9C828645874005501FA /* HTTPNetworkError.swift */,
				47AFB9B22862FD84005501FA /* NetworkDTO */,
				4779430B28687EDF00872C54 /* Utility */,
			);
			path = Network;
			sourceTree = "<group>";
		};
		47AFB9C028645102005501FA /* Domain */ = {
			isa = PBXGroup;
			children = (
				4779430F28687FDE00872C54 /* UseCase */,
				47AFB9C12864510F005501FA /* Entity */,
			);
			path = Domain;
			sourceTree = "<group>";
		};
		47AFB9C12864510F005501FA /* Entity */ = {
			isa = PBXGroup;
			children = (
				47AFB9C228645123005501FA /* AblyHomeData.swift */,
				47AFB9C42864519B005501FA /* AblyBanner.swift */,
				47AFB9C6286451A9005501FA /* AblyGoods.swift */,
			);
			path = Entity;
			sourceTree = "<group>";
		};
		47AFB9CF28648FCF005501FA /* Protocol */ = {
			isa = PBXGroup;
			children = (
				47AFB9D028648FDF005501FA /* NetworkRepository.swift */,
				477943142868854300872C54 /* RealmRepository.swift */,
			);
			path = Protocol;
			sourceTree = "<group>";
		};
		47AFB9D42864AE2B005501FA /* View */ = {
			isa = PBXGroup;
			children = (
				47AFB9D52864AE54005501FA /* AblyTabBarController.swift */,
				477943102868802400872C54 /* HomeView */,
				477943112868803100872C54 /* FavoriteView */,
				477943132868806200872C54 /* Cells */,
				477943122868804E00872C54 /* Protocol */,
				47AFB9D82864BAC1005501FA /* Utility */,
			);
			path = View;
			sourceTree = "<group>";
		};
		47AFB9D82864BAC1005501FA /* Utility */ = {
			isa = PBXGroup;
			children = (
				479911502864BB3200F7C5F2 /* Design.swift */,
			);
			path = Utility;
			sourceTree = "<group>";
		};
/* End PBXGroup section */

/* Begin PBXNativeTarget section */
		47A3EF6C2862D7B70026C400 /* Ably */ = {
			isa = PBXNativeTarget;
			buildConfigurationList = 47A3EF812862D7BA0026C400 /* Build configuration list for PBXNativeTarget "Ably" */;
			buildPhases = (
				47A3EF692862D7B70026C400 /* Sources */,
				47A3EF6A2862D7B70026C400 /* Frameworks */,
				47A3EF6B2862D7B70026C400 /* Resources */,
			);
			buildRules = (
			);
			dependencies = (
			);
			name = Ably;
			packageProductDependencies = (
				47A3EF852862D8480026C400 /* SnapKit */,
				47A3EF8A2862D86C0026C400 /* RxCocoa */,
				47A3EF8C2862D86C0026C400 /* RxRelay */,
				47A3EF8E2862D86C0026C400 /* RxSwift */,
				479911572865B69200F7C5F2 /* SDWebImage */,
				477942FA2868573000872C54 /* Realm */,
				477942FC2868573000872C54 /* RealmSwift */,
			);
			productName = Ably;
			productReference = 47A3EF6D2862D7B70026C400 /* Ably.app */;
			productType = "com.apple.product-type.application";
		};
/* End PBXNativeTarget section */

/* Begin PBXProject section */
		47A3EF652862D7B70026C400 /* Project object */ = {
			isa = PBXProject;
			attributes = {
				BuildIndependentTargetsInParallel = 1;
				LastSwiftUpdateCheck = 1340;
				LastUpgradeCheck = 1340;
				TargetAttributes = {
					47A3EF6C2862D7B70026C400 = {
						CreatedOnToolsVersion = 13.4.1;
					};
				};
			};
			buildConfigurationList = 47A3EF682862D7B70026C400 /* Build configuration list for PBXProject "Ably" */;
			compatibilityVersion = "Xcode 13.0";
			developmentRegion = en;
			hasScannedForEncodings = 0;
			knownRegions = (
				en,
				Base,
			);
			mainGroup = 47A3EF642862D7B70026C400;
			packageReferences = (
				47A3EF842862D8480026C400 /* XCRemoteSwiftPackageReference "SnapKit" */,
				47A3EF872862D86C0026C400 /* XCRemoteSwiftPackageReference "RxSwift" */,
				479911562865B69200F7C5F2 /* XCRemoteSwiftPackageReference "SDWebImage" */,
				477942F92868573000872C54 /* XCRemoteSwiftPackageReference "realm-swift" */,
			);
			productRefGroup = 47A3EF6E2862D7B70026C400 /* Products */;
			projectDirPath = "";
			projectRoot = "";
			targets = (
				47A3EF6C2862D7B70026C400 /* Ably */,
			);
		};
/* End PBXProject section */

/* Begin PBXResourcesBuildPhase section */
		47A3EF6B2862D7B70026C400 /* Resources */ = {
			isa = PBXResourcesBuildPhase;
			buildActionMask = 2147483647;
			files = (
				47A3EF7D2862D7BA0026C400 /* LaunchScreen.storyboard in Resources */,
				47A3EF7A2862D7BA0026C400 /* Assets.xcassets in Resources */,
			);
			runOnlyForDeploymentPostprocessing = 0;
		};
/* End PBXResourcesBuildPhase section */

/* Begin PBXSourcesBuildPhase section */
		47A3EF692862D7B70026C400 /* Sources */ = {
			isa = PBXSourcesBuildPhase;
			buildActionMask = 2147483647;
			files = (
				4799115A2865F7B200F7C5F2 /* CellReusable.swift in Sources */,
				4779430028685A5C00872C54 /* AblyGoodsRealmDTO.swift in Sources */,
				47AFB9BD28634784005501FA /* HTTPNetworkManager.swift in Sources */,
				47991153286586C300F7C5F2 /* BannerCell.swift in Sources */,
				47AFB9C928645874005501FA /* HTTPNetworkError.swift in Sources */,
				47AFB9B02862FC4E005501FA /* AblyHomeDTO.swift in Sources */,
				477943062868776F00872C54 /* FavoriteViewModel.swift in Sources */,
				4799115C286701C800F7C5F2 /* HomeViewModel.swift in Sources */,
				47AFB9C328645123005501FA /* AblyHomeData.swift in Sources */,
				477943042868620400872C54 /* AblyRealmRepository.swift in Sources */,
				47AFB9D128648FDF005501FA /* NetworkRepository.swift in Sources */,
				47AFB9D3286495FA005501FA /* AblyHomeDataUseCase.swift in Sources */,
				47AFB9B92862FE53005501FA /* URLRequest+extension.swift in Sources */,
				4799115528658A6D00F7C5F2 /* GoodsCell.swift in Sources */,
				479CD18428688E2900ABD0AB /* UIFont+extension.swift in Sources */,
				47AFB9CB286480A2005501FA /* AblyNetworkRepository.swift in Sources */,
				4779430228685D2100872C54 /* RealmManager.swift in Sources */,
				47AFB9BB2862FF56005501FA /* EndPoint.swift in Sources */,
				4779430A28687CFD00872C54 /* Int+extension.swift in Sources */,
				47A3EF752862D7B70026C400 /* HomeViewController.swift in Sources */,
				47AFB9B62862FDC0005501FA /* AblyGoodsDTO.swift in Sources */,
				479911512864BB3200F7C5F2 /* Design.swift in Sources */,
				47794308286877E500872C54 /* FavoriteUseCase.swift in Sources */,
				47AFB9BF28634BBE005501FA /* JSONParser.swift in Sources */,
				479CD1862868925900ABD0AB /* ViewModelDescribing.swift in Sources */,
				47A3EF712862D7B70026C400 /* AppDelegate.swift in Sources */,
				47AFB9C52864519B005501FA /* AblyBanner.swift in Sources */,
				47A3EF732862D7B70026C400 /* SceneDelegate.swift in Sources */,
				477943152868854300872C54 /* RealmRepository.swift in Sources */,
				47AFB9C7286451A9005501FA /* AblyGoods.swift in Sources */,
				47AFB9B42862FD9A005501FA /* AblyBannerDTO.swift in Sources */,
				4799115E2868362A00F7C5F2 /* FavoriteViewController.swift in Sources */,
				47AFB9D62864AE54005501FA /* AblyTabBarController.swift in Sources */,
			);
			runOnlyForDeploymentPostprocessing = 0;
		};
/* End PBXSourcesBuildPhase section */

/* Begin PBXVariantGroup section */
		47A3EF7B2862D7BA0026C400 /* LaunchScreen.storyboard */ = {
			isa = PBXVariantGroup;
			children = (
				47A3EF7C2862D7BA0026C400 /* Base */,
			);
			name = LaunchScreen.storyboard;
			sourceTree = "<group>";
		};
/* End PBXVariantGroup section */

/* Begin XCBuildConfiguration section */
		47A3EF7F2862D7BA0026C400 /* Debug */ = {
			isa = XCBuildConfiguration;
			buildSettings = {
				ALWAYS_SEARCH_USER_PATHS = NO;
				CLANG_ANALYZER_NONNULL = YES;
				CLANG_ANALYZER_NUMBER_OBJECT_CONVERSION = YES_AGGRESSIVE;
				CLANG_CXX_LANGUAGE_STANDARD = "gnu++17";
				CLANG_ENABLE_MODULES = YES;
				CLANG_ENABLE_OBJC_ARC = YES;
				CLANG_ENABLE_OBJC_WEAK = YES;
				CLANG_WARN_BLOCK_CAPTURE_AUTORELEASING = YES;
				CLANG_WARN_BOOL_CONVERSION = YES;
				CLANG_WARN_COMMA = YES;
				CLANG_WARN_CONSTANT_CONVERSION = YES;
				CLANG_WARN_DEPRECATED_OBJC_IMPLEMENTATIONS = YES;
				CLANG_WARN_DIRECT_OBJC_ISA_USAGE = YES_ERROR;
				CLANG_WARN_DOCUMENTATION_COMMENTS = YES;
				CLANG_WARN_EMPTY_BODY = YES;
				CLANG_WARN_ENUM_CONVERSION = YES;
				CLANG_WARN_INFINITE_RECURSION = YES;
				CLANG_WARN_INT_CONVERSION = YES;
				CLANG_WARN_NON_LITERAL_NULL_CONVERSION = YES;
				CLANG_WARN_OBJC_IMPLICIT_RETAIN_SELF = YES;
				CLANG_WARN_OBJC_LITERAL_CONVERSION = YES;
				CLANG_WARN_OBJC_ROOT_CLASS = YES_ERROR;
				CLANG_WARN_QUOTED_INCLUDE_IN_FRAMEWORK_HEADER = YES;
				CLANG_WARN_RANGE_LOOP_ANALYSIS = YES;
				CLANG_WARN_STRICT_PROTOTYPES = YES;
				CLANG_WARN_SUSPICIOUS_MOVE = YES;
				CLANG_WARN_UNGUARDED_AVAILABILITY = YES_AGGRESSIVE;
				CLANG_WARN_UNREACHABLE_CODE = YES;
				CLANG_WARN__DUPLICATE_METHOD_MATCH = YES;
				COPY_PHASE_STRIP = NO;
				DEBUG_INFORMATION_FORMAT = dwarf;
				ENABLE_STRICT_OBJC_MSGSEND = YES;
				ENABLE_TESTABILITY = YES;
				ENABLE_TESTING_SEARCH_PATHS = YES;
				GCC_C_LANGUAGE_STANDARD = gnu11;
				GCC_DYNAMIC_NO_PIC = NO;
				GCC_NO_COMMON_BLOCKS = YES;
				GCC_OPTIMIZATION_LEVEL = 0;
				GCC_PREPROCESSOR_DEFINITIONS = (
					"DEBUG=1",
					"$(inherited)",
				);
				GCC_WARN_64_TO_32_BIT_CONVERSION = YES;
				GCC_WARN_ABOUT_RETURN_TYPE = YES_ERROR;
				GCC_WARN_UNDECLARED_SELECTOR = YES;
				GCC_WARN_UNINITIALIZED_AUTOS = YES_AGGRESSIVE;
				GCC_WARN_UNUSED_FUNCTION = YES;
				GCC_WARN_UNUSED_VARIABLE = YES;
				IPHONEOS_DEPLOYMENT_TARGET = 13.0;
				MTL_ENABLE_DEBUG_INFO = INCLUDE_SOURCE;
				MTL_FAST_MATH = YES;
				ONLY_ACTIVE_ARCH = YES;
				SDKROOT = iphoneos;
				SWIFT_ACTIVE_COMPILATION_CONDITIONS = DEBUG;
				SWIFT_OPTIMIZATION_LEVEL = "-Onone";
			};
			name = Debug;
		};
		47A3EF802862D7BA0026C400 /* Release */ = {
			isa = XCBuildConfiguration;
			buildSettings = {
				ALWAYS_SEARCH_USER_PATHS = NO;
				CLANG_ANALYZER_NONNULL = YES;
				CLANG_ANALYZER_NUMBER_OBJECT_CONVERSION = YES_AGGRESSIVE;
				CLANG_CXX_LANGUAGE_STANDARD = "gnu++17";
				CLANG_ENABLE_MODULES = YES;
				CLANG_ENABLE_OBJC_ARC = YES;
				CLANG_ENABLE_OBJC_WEAK = YES;
				CLANG_WARN_BLOCK_CAPTURE_AUTORELEASING = YES;
				CLANG_WARN_BOOL_CONVERSION = YES;
				CLANG_WARN_COMMA = YES;
				CLANG_WARN_CONSTANT_CONVERSION = YES;
				CLANG_WARN_DEPRECATED_OBJC_IMPLEMENTATIONS = YES;
				CLANG_WARN_DIRECT_OBJC_ISA_USAGE = YES_ERROR;
				CLANG_WARN_DOCUMENTATION_COMMENTS = YES;
				CLANG_WARN_EMPTY_BODY = YES;
				CLANG_WARN_ENUM_CONVERSION = YES;
				CLANG_WARN_INFINITE_RECURSION = YES;
				CLANG_WARN_INT_CONVERSION = YES;
				CLANG_WARN_NON_LITERAL_NULL_CONVERSION = YES;
				CLANG_WARN_OBJC_IMPLICIT_RETAIN_SELF = YES;
				CLANG_WARN_OBJC_LITERAL_CONVERSION = YES;
				CLANG_WARN_OBJC_ROOT_CLASS = YES_ERROR;
				CLANG_WARN_QUOTED_INCLUDE_IN_FRAMEWORK_HEADER = YES;
				CLANG_WARN_RANGE_LOOP_ANALYSIS = YES;
				CLANG_WARN_STRICT_PROTOTYPES = YES;
				CLANG_WARN_SUSPICIOUS_MOVE = YES;
				CLANG_WARN_UNGUARDED_AVAILABILITY = YES_AGGRESSIVE;
				CLANG_WARN_UNREACHABLE_CODE = YES;
				CLANG_WARN__DUPLICATE_METHOD_MATCH = YES;
				COPY_PHASE_STRIP = NO;
				DEBUG_INFORMATION_FORMAT = "dwarf-with-dsym";
				ENABLE_NS_ASSERTIONS = NO;
				ENABLE_STRICT_OBJC_MSGSEND = YES;
				ENABLE_TESTING_SEARCH_PATHS = YES;
				GCC_C_LANGUAGE_STANDARD = gnu11;
				GCC_NO_COMMON_BLOCKS = YES;
				GCC_WARN_64_TO_32_BIT_CONVERSION = YES;
				GCC_WARN_ABOUT_RETURN_TYPE = YES_ERROR;
				GCC_WARN_UNDECLARED_SELECTOR = YES;
				GCC_WARN_UNINITIALIZED_AUTOS = YES_AGGRESSIVE;
				GCC_WARN_UNUSED_FUNCTION = YES;
				GCC_WARN_UNUSED_VARIABLE = YES;
				IPHONEOS_DEPLOYMENT_TARGET = 13.0;
				MTL_ENABLE_DEBUG_INFO = NO;
				MTL_FAST_MATH = YES;
				SDKROOT = iphoneos;
				SWIFT_COMPILATION_MODE = wholemodule;
				SWIFT_OPTIMIZATION_LEVEL = "-O";
				VALIDATE_PRODUCT = YES;
			};
			name = Release;
		};
		47A3EF822862D7BA0026C400 /* Debug */ = {
			isa = XCBuildConfiguration;
			buildSettings = {
				ASSETCATALOG_COMPILER_APPICON_NAME = AppIcon;
				ASSETCATALOG_COMPILER_GLOBAL_ACCENT_COLOR_NAME = AccentColor;
				CODE_SIGN_STYLE = Automatic;
				CURRENT_PROJECT_VERSION = 1;
				DEVELOPMENT_TEAM = 3P8RM8472L;
				GENERATE_INFOPLIST_FILE = YES;
				INFOPLIST_FILE = Ably/Resources/Info.plist;
				INFOPLIST_KEY_UIApplicationSupportsIndirectInputEvents = YES;
				INFOPLIST_KEY_UILaunchStoryboardName = LaunchScreen;
				INFOPLIST_KEY_UISupportedInterfaceOrientations_iPad = "UIInterfaceOrientationPortrait UIInterfaceOrientationPortraitUpsideDown UIInterfaceOrientationLandscapeLeft UIInterfaceOrientationLandscapeRight";
				INFOPLIST_KEY_UISupportedInterfaceOrientations_iPhone = "UIInterfaceOrientationPortrait UIInterfaceOrientationLandscapeLeft UIInterfaceOrientationLandscapeRight";
				LD_RUNPATH_SEARCH_PATHS = (
					"$(inherited)",
					"@executable_path/Frameworks",
				);
				MARKETING_VERSION = 1.0;
				PRODUCT_BUNDLE_IDENTIFIER = com.Asan.Ably;
				PRODUCT_NAME = "$(TARGET_NAME)";
				SWIFT_EMIT_LOC_STRINGS = YES;
				SWIFT_VERSION = 5.0;
				TARGETED_DEVICE_FAMILY = "1,2";
			};
			name = Debug;
		};
		47A3EF832862D7BA0026C400 /* Release */ = {
			isa = XCBuildConfiguration;
			buildSettings = {
				ASSETCATALOG_COMPILER_APPICON_NAME = AppIcon;
				ASSETCATALOG_COMPILER_GLOBAL_ACCENT_COLOR_NAME = AccentColor;
				CODE_SIGN_STYLE = Automatic;
				CURRENT_PROJECT_VERSION = 1;
				DEVELOPMENT_TEAM = 3P8RM8472L;
				GENERATE_INFOPLIST_FILE = YES;
				INFOPLIST_FILE = Ably/Resources/Info.plist;
				INFOPLIST_KEY_UIApplicationSupportsIndirectInputEvents = YES;
				INFOPLIST_KEY_UILaunchStoryboardName = LaunchScreen;
				INFOPLIST_KEY_UISupportedInterfaceOrientations_iPad = "UIInterfaceOrientationPortrait UIInterfaceOrientationPortraitUpsideDown UIInterfaceOrientationLandscapeLeft UIInterfaceOrientationLandscapeRight";
				INFOPLIST_KEY_UISupportedInterfaceOrientations_iPhone = "UIInterfaceOrientationPortrait UIInterfaceOrientationLandscapeLeft UIInterfaceOrientationLandscapeRight";
				LD_RUNPATH_SEARCH_PATHS = (
					"$(inherited)",
					"@executable_path/Frameworks",
				);
				MARKETING_VERSION = 1.0;
				PRODUCT_BUNDLE_IDENTIFIER = com.Asan.Ably;
				PRODUCT_NAME = "$(TARGET_NAME)";
				SWIFT_EMIT_LOC_STRINGS = YES;
				SWIFT_VERSION = 5.0;
				TARGETED_DEVICE_FAMILY = "1,2";
			};
			name = Release;
		};
/* End XCBuildConfiguration section */

/* Begin XCConfigurationList section */
		47A3EF682862D7B70026C400 /* Build configuration list for PBXProject "Ably" */ = {
			isa = XCConfigurationList;
			buildConfigurations = (
				47A3EF7F2862D7BA0026C400 /* Debug */,
				47A3EF802862D7BA0026C400 /* Release */,
			);
			defaultConfigurationIsVisible = 0;
			defaultConfigurationName = Release;
		};
		47A3EF812862D7BA0026C400 /* Build configuration list for PBXNativeTarget "Ably" */ = {
			isa = XCConfigurationList;
			buildConfigurations = (
				47A3EF822862D7BA0026C400 /* Debug */,
				47A3EF832862D7BA0026C400 /* Release */,
			);
			defaultConfigurationIsVisible = 0;
			defaultConfigurationName = Release;
		};
/* End XCConfigurationList section */

/* Begin XCRemoteSwiftPackageReference section */
		477942F92868573000872C54 /* XCRemoteSwiftPackageReference "realm-swift" */ = {
			isa = XCRemoteSwiftPackageReference;
			repositoryURL = "https://github.com/realm/realm-swift.git";
			requirement = {
				branch = master;
				kind = branch;
			};
		};
		479911562865B69200F7C5F2 /* XCRemoteSwiftPackageReference "SDWebImage" */ = {
			isa = XCRemoteSwiftPackageReference;
			repositoryURL = "https://github.com/SDWebImage/SDWebImage.git";
			requirement = {
				kind = upToNextMinorVersion;
				minimumVersion = 5.9.0;
			};
		};
		47A3EF842862D8480026C400 /* XCRemoteSwiftPackageReference "SnapKit" */ = {
			isa = XCRemoteSwiftPackageReference;
			repositoryURL = "https://github.com/SnapKit/SnapKit.git";
			requirement = {
				kind = upToNextMinorVersion;
				minimumVersion = 5.6.0;
			};
		};
		47A3EF872862D86C0026C400 /* XCRemoteSwiftPackageReference "RxSwift" */ = {
			isa = XCRemoteSwiftPackageReference;
			repositoryURL = "https://github.com/ReactiveX/RxSwift";
			requirement = {
				kind = upToNextMinorVersion;
				minimumVersion = 6.5.0;
			};
		};
/* End XCRemoteSwiftPackageReference section */

/* Begin XCSwiftPackageProductDependency section */
		477942FA2868573000872C54 /* Realm */ = {
			isa = XCSwiftPackageProductDependency;
			package = 477942F92868573000872C54 /* XCRemoteSwiftPackageReference "realm-swift" */;
			productName = Realm;
		};
		477942FC2868573000872C54 /* RealmSwift */ = {
			isa = XCSwiftPackageProductDependency;
			package = 477942F92868573000872C54 /* XCRemoteSwiftPackageReference "realm-swift" */;
			productName = RealmSwift;
		};
		479911572865B69200F7C5F2 /* SDWebImage */ = {
			isa = XCSwiftPackageProductDependency;
			package = 479911562865B69200F7C5F2 /* XCRemoteSwiftPackageReference "SDWebImage" */;
			productName = SDWebImage;
		};
		47A3EF852862D8480026C400 /* SnapKit */ = {
			isa = XCSwiftPackageProductDependency;
			package = 47A3EF842862D8480026C400 /* XCRemoteSwiftPackageReference "SnapKit" */;
			productName = SnapKit;
		};
		47A3EF8A2862D86C0026C400 /* RxCocoa */ = {
			isa = XCSwiftPackageProductDependency;
			package = 47A3EF872862D86C0026C400 /* XCRemoteSwiftPackageReference "RxSwift" */;
			productName = RxCocoa;
		};
		47A3EF8C2862D86C0026C400 /* RxRelay */ = {
			isa = XCSwiftPackageProductDependency;
			package = 47A3EF872862D86C0026C400 /* XCRemoteSwiftPackageReference "RxSwift" */;
			productName = RxRelay;
		};
		47A3EF8E2862D86C0026C400 /* RxSwift */ = {
			isa = XCSwiftPackageProductDependency;
			package = 47A3EF872862D86C0026C400 /* XCRemoteSwiftPackageReference "RxSwift" */;
			productName = RxSwift;
		};
/* End XCSwiftPackageProductDependency section */
	};
	rootObject = 47A3EF652862D7B70026C400 /* Project object */;
}
